
Microsoft Visual Studio Solution File, Format Version 12.00
# Visual Studio Version 17
VisualStudioVersion = 17.11.35303.130
MinimumVisualStudioVersion = 10.0.40219.1
Project("{FAE04EC0-301F-11D3-BF4B-00C04F79EFBC}") = "3_laba", "3_laba.csproj", "{EC0BAFF8-EEEC-44E1-8DF4-4A9C1426DE54}"
EndProject
Global
	GlobalSection(SolutionConfigurationPlatforms) = preSolution
		Debug|Any CPU = Debug|Any CPU
		Release|Any CPU = Release|Any CPU
	EndGlobalSection
	GlobalSection(ProjectConfigurationPlatforms) = postSolution
		{EC0BAFF8-EEEC-44E1-8DF4-4A9C1426DE54}.Debug|Any CPU.ActiveCfg = Debug|Any CPU
		{EC0BAFF8-EEEC-44E1-8DF4-4A9C1426DE54}.Debug|Any CPU.Build.0 = Debug|Any CPU
		{EC0BAFF8-EEEC-44E1-8DF4-4A9C1426DE54}.Release|Any CPU.ActiveCfg = Release|Any CPU
		{EC0BAFF8-EEEC-44E1-8DF4-4A9C1426DE54}.Release|Any CPU.Build.0 = Release|Any CPU
	EndGlobalSection
	GlobalSection(SolutionProperties) = preSolution
		HideSolutionNode = FALSE
	EndGlobalSection
	GlobalSection(ExtensibilityGlobals) = postSolution
		SolutionGuid = {D670DE3C-D0E7-4FC2-ABAC-456FACE53627}
	EndGlobalSection
EndGlobal
